{
  "name": "backend",
  "lockfileVersion": 3,
  "requires": true,
  "packages": {
    "": {
      "dependencies": {
        "pyjwt": "^0.0.1-security"
      }
    },
    "node_modules/pyjwt": {
      "version": "0.0.1-security",
      "resolved": "https://registry.npmjs.org/pyjwt/-/pyjwt-0.0.1-security.tgz",
      "integrity": "sha512-qO03vEOIqp6JIOa7oR2RuurheP3ThvMzlwTmsVhyjLtriQ3RLnWGdnEPPgYahszvCW/3EFGIcTB5cmb6jxwbTQ=="
    }
  }
}
